
Microsoft Visual Studio Solution File, Format Version 12.00
# Visual Studio Version 17
VisualStudioVersion = 17.7.34024.191
MinimumVisualStudioVersion = 10.0.40219.1
Project("{8BC9CEB8-8B4A-11D0-8D11-00A0C91BC942}") = "wargame", "wargame\wargame.vcxproj", "{B23C842F-5F37-4B12-AB8A-4844D6368C15}"
EndProject
Global
	GlobalSection(SolutionConfigurationPlatforms) = preSolution
		Debug|x64 = Debug|x64
		Debug|x86 = Debug|x86
		Release|x64 = Release|x64
		Release|x86 = Release|x86
	EndGlobalSection
	GlobalSection(ProjectConfigurationPlatforms) = postSolution
		{B23C842F-5F37-4B12-AB8A-4844D6368C15}.Debug|x64.ActiveCfg = Debug|x64
		{B23C842F-5F37-4B12-AB8A-4844D6368C15}.Debug|x64.Build.0 = Debug|x64
		{B23C842F-5F37-4B12-AB8A-4844D6368C15}.Debug|x86.ActiveCfg = Debug|Win32
		{B23C842F-5F37-4B12-AB8A-4844D6368C15}.Debug|x86.Build.0 = Debug|Win32
		{B23C842F-5F37-4B12-AB8A-4844D6368C15}.Release|x64.ActiveCfg = Release|x64
		{B23C842F-5F37-4B12-AB8A-4844D6368C15}.Release|x64.Build.0 = Release|x64
		{B23C842F-5F37-4B12-AB8A-4844D6368C15}.Release|x86.ActiveCfg = Release|Win32
		{B23C842F-5F37-4B12-AB8A-4844D6368C15}.Release|x86.Build.0 = Release|Win32
	EndGlobalSection
	GlobalSection(SolutionProperties) = preSolution
		HideSolutionNode = FALSE
	EndGlobalSection
	GlobalSection(ExtensibilityGlobals) = postSolution
		SolutionGuid = {14211BFF-22A7-4CA3-811F-35BF6620007D}
	EndGlobalSection
EndGlobal
